
Microsoft Visual Studio Solution File, Format Version 12.00
# Visual Studio Version 16
VisualStudioVersion = 16.0.33927.289
MinimumVisualStudioVersion = 10.0.40219.1
Project("{2150E333-8FDC-42A3-9474-1A3956D46DE8}") = "Task0", "Task0", "{4B3A220E-9114-4204-A870-3F8F5A916BD0}"
EndProject
Project("{FAE04EC0-301F-11D3-BF4B-00C04F79EFBC}") = "Tyuiu.ChurinDV.Sprint5.Task0.V16", "Tyuiu.ChurinDV.Sprint5.Task0.V16\Tyuiu.ChurinDV.Sprint5.Task0.V16.csproj", "{C3D265B0-259F-4456-A2F9-13FFCE38A885}"
EndProject
Project("{FAE04EC0-301F-11D3-BF4B-00C04F79EFBC}") = "Tyuiu.ChurinDV.Sprint5.Task0.V16.Lib", "Tyuiu.ChurinDV.Sprint5.Task0.V16.Lib\Tyuiu.ChurinDV.Sprint5.Task0.V16.Lib.csproj", "{EAC04DF0-CA0E-4C0F-A96B-A0D6BD926816}"
EndProject
Project("{FAE04EC0-301F-11D3-BF4B-00C04F79EFBC}") = "Tyuiu.ChurinDV.Sprint5.Task0.V16.Test", "Tyuiu.ChurinDV.Sprint5.Task0.V16.Test\Tyuiu.ChurinDV.Sprint5.Task0.V16.Test.csproj", "{DD9FAB79-11FA-4D09-B361-9CEEFEA801E0}"
EndProject
Project("{2150E333-8FDC-42A3-9474-1A3956D46DE8}") = "Task1", "Task1", "{E2B5553C-C93B-4AB2-A8BE-A56E5E598B88}"
EndProject
Project("{FAE04EC0-301F-11D3-BF4B-00C04F79EFBC}") = "Tyuiu.ChurinDV.Sprint5.Task1.V16", "Tyuiu.ChurinDV.Sprint5.Task1.V16\Tyuiu.ChurinDV.Sprint5.Task1.V16.csproj", "{4A770A23-FECF-4A72-9A00-3A5BB378E678}"
EndProject
Project("{FAE04EC0-301F-11D3-BF4B-00C04F79EFBC}") = "Tyuiu.ChurinDV.Sprint5.Task1.V16.Lib", "Tyuiu.ChurinDV.Sprint5.Task1.V16.Lib\Tyuiu.ChurinDV.Sprint5.Task1.V16.Lib.csproj", "{F881A057-05D6-4FF6-A17E-68F6473FDF41}"
EndProject
Project("{FAE04EC0-301F-11D3-BF4B-00C04F79EFBC}") = "Tyuiu.ChurinDV.Sprint5.Task1.V16.Test", "Tyuiu.ChurinDV.Sprint5.Task1.V16.Test\Tyuiu.ChurinDV.Sprint5.Task1.V16.Test.csproj", "{88A9BC5C-8C26-4D75-84FC-D18912496A2B}"
EndProject
Project("{2150E333-8FDC-42A3-9474-1A3956D46DE8}") = "Task2", "Task2", "{D42F973F-E79D-4AD4-87E2-EDDFF4BF4B62}"
EndProject
Project("{FAE04EC0-301F-11D3-BF4B-00C04F79EFBC}") = "Tyuiu.ChurinDV.Sprint5.Task2.V29", "Tyuiu.ChurinDV.Sprint5.Task2.V29\Tyuiu.ChurinDV.Sprint5.Task2.V29.csproj", "{BA8D124E-11F0-49EA-95DA-55AA58B6960D}"
EndProject
Project("{FAE04EC0-301F-11D3-BF4B-00C04F79EFBC}") = "Tyuiu.ChurinDV.Sprint5.Task2.V29.Lib", "Tyuiu.ChurinDV.Sprint5.Task2.V29.Lib\Tyuiu.ChurinDV.Sprint5.Task2.V29.Lib.csproj", "{FFD19EA0-56BF-46AB-9F45-2A6A11DF0360}"
EndProject
Project("{FAE04EC0-301F-11D3-BF4B-00C04F79EFBC}") = "Tyuiu.ChurinDV.Sprint5.Task2.V29.Test", "Tyuiu.ChurinDV.Sprint5.Task2.V29.Test\Tyuiu.ChurinDV.Sprint5.Task2.V29.Test.csproj", "{E0319358-A6ED-492F-8D0B-7CD0B7ED3BE8}"
EndProject
Global
	GlobalSection(SolutionConfigurationPlatforms) = preSolution
		Debug|Any CPU = Debug|Any CPU
		Release|Any CPU = Release|Any CPU
	EndGlobalSection
	GlobalSection(ProjectConfigurationPlatforms) = postSolution
		{C3D265B0-259F-4456-A2F9-13FFCE38A885}.Debug|Any CPU.ActiveCfg = Debug|Any CPU
		{C3D265B0-259F-4456-A2F9-13FFCE38A885}.Debug|Any CPU.Build.0 = Debug|Any CPU
		{C3D265B0-259F-4456-A2F9-13FFCE38A885}.Release|Any CPU.ActiveCfg = Release|Any CPU
		{C3D265B0-259F-4456-A2F9-13FFCE38A885}.Release|Any CPU.Build.0 = Release|Any CPU
		{EAC04DF0-CA0E-4C0F-A96B-A0D6BD926816}.Debug|Any CPU.ActiveCfg = Debug|Any CPU
		{EAC04DF0-CA0E-4C0F-A96B-A0D6BD926816}.Debug|Any CPU.Build.0 = Debug|Any CPU
		{EAC04DF0-CA0E-4C0F-A96B-A0D6BD926816}.Release|Any CPU.ActiveCfg = Release|Any CPU
		{EAC04DF0-CA0E-4C0F-A96B-A0D6BD926816}.Release|Any CPU.Build.0 = Release|Any CPU
		{DD9FAB79-11FA-4D09-B361-9CEEFEA801E0}.Debug|Any CPU.ActiveCfg = Debug|Any CPU
		{DD9FAB79-11FA-4D09-B361-9CEEFEA801E0}.Debug|Any CPU.Build.0 = Debug|Any CPU
		{DD9FAB79-11FA-4D09-B361-9CEEFEA801E0}.Release|Any CPU.ActiveCfg = Release|Any CPU
		{DD9FAB79-11FA-4D09-B361-9CEEFEA801E0}.Release|Any CPU.Build.0 = Release|Any CPU
		{4A770A23-FECF-4A72-9A00-3A5BB378E678}.Debug|Any CPU.ActiveCfg = Debug|Any CPU
		{4A770A23-FECF-4A72-9A00-3A5BB378E678}.Debug|Any CPU.Build.0 = Debug|Any CPU
		{4A770A23-FECF-4A72-9A00-3A5BB378E678}.Release|Any CPU.ActiveCfg = Release|Any CPU
		{4A770A23-FECF-4A72-9A00-3A5BB378E678}.Release|Any CPU.Build.0 = Release|Any CPU
		{F881A057-05D6-4FF6-A17E-68F6473FDF41}.Debug|Any CPU.ActiveCfg = Debug|Any CPU
		{F881A057-05D6-4FF6-A17E-68F6473FDF41}.Debug|Any CPU.Build.0 = Debug|Any CPU
		{F881A057-05D6-4FF6-A17E-68F6473FDF41}.Release|Any CPU.ActiveCfg = Release|Any CPU
		{F881A057-05D6-4FF6-A17E-68F6473FDF41}.Release|Any CPU.Build.0 = Release|Any CPU
		{88A9BC5C-8C26-4D75-84FC-D18912496A2B}.Debug|Any CPU.ActiveCfg = Debug|Any CPU
		{88A9BC5C-8C26-4D75-84FC-D18912496A2B}.Debug|Any CPU.Build.0 = Debug|Any CPU
		{88A9BC5C-8C26-4D75-84FC-D18912496A2B}.Release|Any CPU.ActiveCfg = Release|Any CPU
		{88A9BC5C-8C26-4D75-84FC-D18912496A2B}.Release|Any CPU.Build.0 = Release|Any CPU
		{BA8D124E-11F0-49EA-95DA-55AA58B6960D}.Debug|Any CPU.ActiveCfg = Debug|Any CPU
		{BA8D124E-11F0-49EA-95DA-55AA58B6960D}.Debug|Any CPU.Build.0 = Debug|Any CPU
		{BA8D124E-11F0-49EA-95DA-55AA58B6960D}.Release|Any CPU.ActiveCfg = Release|Any CPU
		{BA8D124E-11F0-49EA-95DA-55AA58B6960D}.Release|Any CPU.Build.0 = Release|Any CPU
		{FFD19EA0-56BF-46AB-9F45-2A6A11DF0360}.Debug|Any CPU.ActiveCfg = Debug|Any CPU
		{FFD19EA0-56BF-46AB-9F45-2A6A11DF0360}.Debug|Any CPU.Build.0 = Debug|Any CPU
		{FFD19EA0-56BF-46AB-9F45-2A6A11DF0360}.Release|Any CPU.ActiveCfg = Release|Any CPU
		{FFD19EA0-56BF-46AB-9F45-2A6A11DF0360}.Release|Any CPU.Build.0 = Release|Any CPU
		{E0319358-A6ED-492F-8D0B-7CD0B7ED3BE8}.Debug|Any CPU.ActiveCfg = Debug|Any CPU
		{E0319358-A6ED-492F-8D0B-7CD0B7ED3BE8}.Debug|Any CPU.Build.0 = Debug|Any CPU
		{E0319358-A6ED-492F-8D0B-7CD0B7ED3BE8}.Release|Any CPU.ActiveCfg = Release|Any CPU
		{E0319358-A6ED-492F-8D0B-7CD0B7ED3BE8}.Release|Any CPU.Build.0 = Release|Any CPU
	EndGlobalSection
	GlobalSection(SolutionProperties) = preSolution
		HideSolutionNode = FALSE
	EndGlobalSection
	GlobalSection(NestedProjects) = preSolution
		{C3D265B0-259F-4456-A2F9-13FFCE38A885} = {4B3A220E-9114-4204-A870-3F8F5A916BD0}
		{EAC04DF0-CA0E-4C0F-A96B-A0D6BD926816} = {4B3A220E-9114-4204-A870-3F8F5A916BD0}
		{DD9FAB79-11FA-4D09-B361-9CEEFEA801E0} = {4B3A220E-9114-4204-A870-3F8F5A916BD0}
		{4A770A23-FECF-4A72-9A00-3A5BB378E678} = {E2B5553C-C93B-4AB2-A8BE-A56E5E598B88}
		{F881A057-05D6-4FF6-A17E-68F6473FDF41} = {E2B5553C-C93B-4AB2-A8BE-A56E5E598B88}
		{88A9BC5C-8C26-4D75-84FC-D18912496A2B} = {E2B5553C-C93B-4AB2-A8BE-A56E5E598B88}
		{BA8D124E-11F0-49EA-95DA-55AA58B6960D} = {D42F973F-E79D-4AD4-87E2-EDDFF4BF4B62}
		{FFD19EA0-56BF-46AB-9F45-2A6A11DF0360} = {D42F973F-E79D-4AD4-87E2-EDDFF4BF4B62}
		{E0319358-A6ED-492F-8D0B-7CD0B7ED3BE8} = {D42F973F-E79D-4AD4-87E2-EDDFF4BF4B62}
	EndGlobalSection
	GlobalSection(ExtensibilityGlobals) = postSolution
		SolutionGuid = {5B9D32C9-B499-438C-B957-B652474BA63A}
	EndGlobalSection
EndGlobal
